
Microsoft Visual Studio Solution File, Format Version 12.00
# Visual Studio Version 17
VisualStudioVersion = 17.0.31903.59
MinimumVisualStudioVersion = 10.0.40219.1
Project("{9A19103F-16F7-4668-BE54-9A1E7A4F7556}") = "Dss.API", "Dss.API\Dss.API.csproj", "{4591DAE9-95FE-4427-ABE3-4C88F258322C}"
EndProject
Project("{9A19103F-16F7-4668-BE54-9A1E7A4F7556}") = "Dss.UnitTest", "Dss.UnitTest\Dss.UnitTest.csproj", "{68BBD763-9B56-4E30-852F-AA2B28D9C465}"
EndProject
Project("{9A19103F-16F7-4668-BE54-9A1E7A4F7556}") = "Dss.Domain", "Dss.Domain\Dss.Domain.csproj", "{80AB3DD9-B6EB-42C0-AD81-91609FF654D1}"
EndProject
Project("{9A19103F-16F7-4668-BE54-9A1E7A4F7556}") = "Dss.Infrastructure", "Dss.Infrastructure\Dss.Infrastructure.csproj", "{11CA4615-4B81-4055-AD66-AD4E3F03407E}"
EndProject
Project("{9A19103F-16F7-4668-BE54-9A1E7A4F7556}") = "Dss.Application", "Dss.Application\Dss.Application.csproj", "{B4948A6C-F976-43B5-9553-6EBE5A96E8AB}"
EndProject
Global
	GlobalSection(SolutionConfigurationPlatforms) = preSolution
		Debug|Any CPU = Debug|Any CPU
		Release|Any CPU = Release|Any CPU
	EndGlobalSection
	GlobalSection(ProjectConfigurationPlatforms) = postSolution
		{4591DAE9-95FE-4427-ABE3-4C88F258322C}.Debug|Any CPU.ActiveCfg = Debug|Any CPU
		{4591DAE9-95FE-4427-ABE3-4C88F258322C}.Debug|Any CPU.Build.0 = Debug|Any CPU
		{4591DAE9-95FE-4427-ABE3-4C88F258322C}.Release|Any CPU.ActiveCfg = Release|Any CPU
		{4591DAE9-95FE-4427-ABE3-4C88F258322C}.Release|Any CPU.Build.0 = Release|Any CPU
		{68BBD763-9B56-4E30-852F-AA2B28D9C465}.Debug|Any CPU.ActiveCfg = Debug|Any CPU
		{68BBD763-9B56-4E30-852F-AA2B28D9C465}.Debug|Any CPU.Build.0 = Debug|Any CPU
		{68BBD763-9B56-4E30-852F-AA2B28D9C465}.Release|Any CPU.ActiveCfg = Release|Any CPU
		{68BBD763-9B56-4E30-852F-AA2B28D9C465}.Release|Any CPU.Build.0 = Release|Any CPU
		{80AB3DD9-B6EB-42C0-AD81-91609FF654D1}.Debug|Any CPU.ActiveCfg = Debug|Any CPU
		{80AB3DD9-B6EB-42C0-AD81-91609FF654D1}.Debug|Any CPU.Build.0 = Debug|Any CPU
		{80AB3DD9-B6EB-42C0-AD81-91609FF654D1}.Release|Any CPU.ActiveCfg = Release|Any CPU
		{80AB3DD9-B6EB-42C0-AD81-91609FF654D1}.Release|Any CPU.Build.0 = Release|Any CPU
		{11CA4615-4B81-4055-AD66-AD4E3F03407E}.Debug|Any CPU.ActiveCfg = Debug|Any CPU
		{11CA4615-4B81-4055-AD66-AD4E3F03407E}.Debug|Any CPU.Build.0 = Debug|Any CPU
		{11CA4615-4B81-4055-AD66-AD4E3F03407E}.Release|Any CPU.ActiveCfg = Release|Any CPU
		{11CA4615-4B81-4055-AD66-AD4E3F03407E}.Release|Any CPU.Build.0 = Release|Any CPU
		{B4948A6C-F976-43B5-9553-6EBE5A96E8AB}.Debug|Any CPU.ActiveCfg = Debug|Any CPU
		{B4948A6C-F976-43B5-9553-6EBE5A96E8AB}.Debug|Any CPU.Build.0 = Debug|Any CPU
		{B4948A6C-F976-43B5-9553-6EBE5A96E8AB}.Release|Any CPU.ActiveCfg = Release|Any CPU
		{B4948A6C-F976-43B5-9553-6EBE5A96E8AB}.Release|Any CPU.Build.0 = Release|Any CPU
	EndGlobalSection
	GlobalSection(SolutionProperties) = preSolution
		HideSolutionNode = FALSE
	EndGlobalSection
	GlobalSection(ExtensibilityGlobals) = postSolution
		SolutionGuid = {7137594F-CA74-4E45-B8D0-92E5F9FBB71C}
	EndGlobalSection
EndGlobal
